// !$*UTF8*$!
{
	archiveVersion = 1;
	classes = {
	};
	objectVersion = 77;
	objects = {

/* Begin PBXBuildFile section */
		F93AE6A22FF61C6D00840F84 /* Entry in Frameworks */ = {isa = PBXBuildFile; productRef = F93AE6A12FF61C6D00840F84 /* Entry */; };
		F940F2582FF7401A0042CA8F /* Assets.xcassets in Resources */ = {isa = PBXBuildFile; fileRef = F940F2572FF7401A0042CA8F /* Assets.xcassets */; };
		F949CF752FF3D1D900563A00 /* LaunchScreen.storyboard in Resources */ = {isa = PBXBuildFile; fileRef = F949CF612FF3D1D900563A00 /* LaunchScreen.storyboard */; };
		F949CF762FF3D1D900563A00 /* ModularProgrammingApp.swift in Sources */ = {isa = PBXBuildFile; fileRef = F949CF602FF3D1D900563A00 /* ModularProgrammingApp.swift */; };
/* End PBXBuildFile section */

/* Begin PBXContainerItemProxy section */
		F9D816862F679135002CA898 /* PBXContainerItemProxy */ = {
			isa = PBXContainerItemProxy;
			containerPortal = F9D816642F679133002CA898 /* Project object */;
			proxyType = 1;
			remoteGlobalIDString = F9D8166B2F679133002CA898;
			remoteInfo = "SPM-Modular-Programming";
		};
		F9D816902F679135002CA898 /* PBXContainerItemProxy */ = {
			isa = PBXContainerItemProxy;
			containerPortal = F9D816642F679133002CA898 /* Project object */;
			proxyType = 1;
			remoteGlobalIDString = F9D8166B2F679133002CA898;
			remoteInfo = "SPM-Modular-Programming";
		};
/* End PBXContainerItemProxy section */

/* Begin PBXFileReference section */
		4C50FF6B2FFFAA3100DDA397 /* Tools */ = {isa = PBXFileReference; lastKnownFileType = wrapper; path = Tools; sourceTree = "<group>"; };
		4C71CF432FFFBC2C00296567 /* TestPlan.xctestplan */ = {isa = PBXFileReference; lastKnownFileType = text; path = TestPlan.xctestplan; sourceTree = "<group>"; };
		F93AE69F2FF61AC000840F84 /* Entry */ = {isa = PBXFileReference; lastKnownFileType = wrapper; path = Entry; sourceTree = "<group>"; };
		F940F2572FF7401A0042CA8F /* Assets.xcassets */ = {isa = PBXFileReference; lastKnownFileType = folder.assetcatalog; path = Assets.xcassets; sourceTree = "<group>"; };
		F949CF602FF3D1D900563A00 /* ModularProgrammingApp.swift */ = {isa = PBXFileReference; lastKnownFileType = sourcecode.swift; path = ModularProgrammingApp.swift; sourceTree = "<group>"; };
		F949CF612FF3D1D900563A00 /* LaunchScreen.storyboard */ = {isa = PBXFileReference; lastKnownFileType = file.storyboard; path = LaunchScreen.storyboard; sourceTree = "<group>"; };
		F9C6B3212FF68B3A0016DB29 /* Detail */ = {isa = PBXFileReference; lastKnownFileType = wrapper; path = Detail; sourceTree = "<group>"; };
		F9D8166C2F679133002CA898 /* SPM-Modular-Programming.app */ = {isa = PBXFileReference; explicitFileType = wrapper.application; includeInIndex = 0; path = "SPM-Modular-Programming.app"; sourceTree = BUILT_PRODUCTS_DIR; };
		F9D816852F679135002CA898 /* SPM-Modular-ProgrammingTests.xctest */ = {isa = PBXFileReference; explicitFileType = wrapper.cfbundle; includeInIndex = 0; path = "SPM-Modular-ProgrammingTests.xctest"; sourceTree = BUILT_PRODUCTS_DIR; };
		F9D8168F2F679135002CA898 /* SPM-Modular-ProgrammingUITests.xctest */ = {isa = PBXFileReference; explicitFileType = wrapper.cfbundle; includeInIndex = 0; path = "SPM-Modular-ProgrammingUITests.xctest"; sourceTree = BUILT_PRODUCTS_DIR; };
/* End PBXFileReference section */

/* Begin PBXFrameworksBuildPhase section */
		F9D816692F679133002CA898 /* Frameworks */ = {
			isa = PBXFrameworksBuildPhase;
			buildActionMask = 2147483647;
			files = (
				F93AE6A22FF61C6D00840F84 /* Entry in Frameworks */,
			);
			runOnlyForDeploymentPostprocessing = 0;
		};
		F9D816822F679135002CA898 /* Frameworks */ = {
			isa = PBXFrameworksBuildPhase;
			buildActionMask = 2147483647;
			files = (
			);
			runOnlyForDeploymentPostprocessing = 0;
		};
		F9D8168C2F679135002CA898 /* Frameworks */ = {
			isa = PBXFrameworksBuildPhase;
			buildActionMask = 2147483647;
			files = (
			);
			runOnlyForDeploymentPostprocessing = 0;
		};
/* End PBXFrameworksBuildPhase section */

/* Begin PBXGroup section */
		4C50FF6A2FFFA9FA00DDA397 /* SharedPackages */ = {
			isa = PBXGroup;
			children = (
				4C50FF6B2FFFAA3100DDA397 /* Tools */,
			);
			path = SharedPackages;
			sourceTree = "<group>";
		};
		F949CF772FF3D27500563A00 /* App */ = {
			isa = PBXGroup;
			children = (
				F940F2572FF7401A0042CA8F /* Assets.xcassets */,
				F949CF602FF3D1D900563A00 /* ModularProgrammingApp.swift */,
				F949CF612FF3D1D900563A00 /* LaunchScreen.storyboard */,
				4C71CF432FFFBC2C00296567 /* TestPlan.xctestplan */,
			);
			path = App;
			sourceTree = "<group>";
		};
		F9D816632F679133002CA898 = {
			isa = PBXGroup;
			children = (
				F949CF772FF3D27500563A00 /* App */,
				F9D816BC2F679170002CA898 /* FeaturePackages */,
				4C50FF6A2FFFA9FA00DDA397 /* SharedPackages */,
				F9D8166D2F679133002CA898 /* Products */,
			);
			sourceTree = "<group>";
		};
		F9D8166D2F679133002CA898 /* Products */ = {
			isa = PBXGroup;
			children = (
				F9D8166C2F679133002CA898 /* SPM-Modular-Programming.app */,
				F9D816852F679135002CA898 /* SPM-Modular-ProgrammingTests.xctest */,
				F9D8168F2F679135002CA898 /* SPM-Modular-ProgrammingUITests.xctest */,
			);
			name = Products;
			sourceTree = "<group>";
		};
		F9D816BC2F679170002CA898 /* FeaturePackages */ = {
			isa = PBXGroup;
			children = (
				F93AE69F2FF61AC000840F84 /* Entry */,
				F9C6B3212FF68B3A0016DB29 /* Detail */,
			);
			path = FeaturePackages;
			sourceTree = "<group>";
		};
/* End PBXGroup section */

/* Begin PBXNativeTarget section */
		F9D8166B2F679133002CA898 /* SPM-Modular-Programming */ = {
			isa = PBXNativeTarget;
			buildConfigurationList = F9D816992F679135002CA898 /* Build configuration list for PBXNativeTarget "SPM-Modular-Programming" */;
			buildPhases = (
				F9D816682F679133002CA898 /* Sources */,
				F9D816692F679133002CA898 /* Frameworks */,
				F9D8166A2F679133002CA898 /* Resources */,
			);
			buildRules = (
			);
			dependencies = (
			);
			name = "SPM-Modular-Programming";
			packageProductDependencies = (
				F93AE6A12FF61C6D00840F84 /* Entry */,
			);
			productName = "SPM-Modular-Programming";
			productReference = F9D8166C2F679133002CA898 /* SPM-Modular-Programming.app */;
			productType = "com.apple.product-type.application";
		};
		F9D816842F679135002CA898 /* SPM-Modular-ProgrammingTests */ = {
			isa = PBXNativeTarget;
			buildConfigurationList = F9D8169C2F679135002CA898 /* Build configuration list for PBXNativeTarget "SPM-Modular-ProgrammingTests" */;
			buildPhases = (
				F9D816812F679135002CA898 /* Sources */,
				F9D816822F679135002CA898 /* Frameworks */,
				F9D816832F679135002CA898 /* Resources */,
			);
			buildRules = (
			);
			dependencies = (
				F9D816872F679135002CA898 /* PBXTargetDependency */,
			);
			name = "SPM-Modular-ProgrammingTests";
			packageProductDependencies = (
			);
			productName = "SPM-Modular-ProgrammingTests";
			productReference = F9D816852F679135002CA898 /* SPM-Modular-ProgrammingTests.xctest */;
			productType = "com.apple.product-type.bundle.unit-test";
		};
		F9D8168E2F679135002CA898 /* SPM-Modular-ProgrammingUITests */ = {
			isa = PBXNativeTarget;
			buildConfigurationList = F9D8169F2F679135002CA898 /* Build configuration list for PBXNativeTarget "SPM-Modular-ProgrammingUITests" */;
			buildPhases = (
				F9D8168B2F679135002CA898 /* Sources */,
				F9D8168C2F679135002CA898 /* Frameworks */,
				F9D8168D2F679135002CA898 /* Resources */,
			);
			buildRules = (
			);
			dependencies = (
				F9D816912F679135002CA898 /* PBXTargetDependency */,
			);
			name = "SPM-Modular-ProgrammingUITests";
			packageProductDependencies = (
			);
			productName = "SPM-Modular-ProgrammingUITests";
			productReference = F9D8168F2F679135002CA898 /* SPM-Modular-ProgrammingUITests.xctest */;
			productType = "com.apple.product-type.bundle.ui-testing";
		};
/* End PBXNativeTarget section */

/* Begin PBXProject section */
		F9D816642F679133002CA898 /* Project object */ = {
			isa = PBXProject;
			attributes = {
				BuildIndependentTargetsInParallel = 1;
				LastSwiftUpdateCheck = 2630;
				LastUpgradeCheck = 2630;
				TargetAttributes = {
					F9D8166B2F679133002CA898 = {
						CreatedOnToolsVersion = 26.3;
					};
					F9D816842F679135002CA898 = {
						CreatedOnToolsVersion = 26.3;
						LastSwiftMigration = 2660;
						TestTargetID = F9D8166B2F679133002CA898;
					};
					F9D8168E2F679135002CA898 = {
						CreatedOnToolsVersion = 26.3;
						TestTargetID = F9D8166B2F679133002CA898;
					};
				};
			};
			buildConfigurationList = F9D816672F679133002CA898 /* Build configuration list for PBXProject "SPM-Modular-Programming" */;
			developmentRegion = en;
			hasScannedForEncodings = 0;
			knownRegions = (
				en,
				Base,
			);
			mainGroup = F9D816632F679133002CA898;
			minimizedProjectReferenceProxies = 1;
			preferredProjectObjectVersion = 77;
			productRefGroup = F9D8166D2F679133002CA898 /* Products */;
			projectDirPath = "";
			projectRoot = "";
			targets = (
				F9D8166B2F679133002CA898 /* SPM-Modular-Programming */,
				F9D816842F679135002CA898 /* SPM-Modular-ProgrammingTests */,
				F9D8168E2F679135002CA898 /* SPM-Modular-ProgrammingUITests */,
			);
		};
/* End PBXProject section */

/* Begin PBXResourcesBuildPhase section */
		F9D8166A2F679133002CA898 /* Resources */ = {
			isa = PBXResourcesBuildPhase;
			buildActionMask = 2147483647;
			files = (
				F940F2582FF7401A0042CA8F /* Assets.xcassets in Resources */,
				F949CF752FF3D1D900563A00 /* LaunchScreen.storyboard in Resources */,
			);
			runOnlyForDeploymentPostprocessing = 0;
		};
		F9D816832F679135002CA898 /* Resources */ = {
			isa = PBXResourcesBuildPhase;
			buildActionMask = 2147483647;
			files = (
			);
			runOnlyForDeploymentPostprocessing = 0;
		};
		F9D8168D2F679135002CA898 /* Resources */ = {
			isa = PBXResourcesBuildPhase;
			buildActionMask = 2147483647;
			files = (
			);
			runOnlyForDeploymentPostprocessing = 0;
		};
/* End PBXResourcesBuildPhase section */

/* Begin PBXSourcesBuildPhase section */
		F9D816682F679133002CA898 /* Sources */ = {
			isa = PBXSourcesBuildPhase;
			buildActionMask = 2147483647;
			files = (
				F949CF762FF3D1D900563A00 /* ModularProgrammingApp.swift in Sources */,
			);
			runOnlyForDeploymentPostprocessing = 0;
		};
		F9D816812F679135002CA898 /* Sources */ = {
			isa = PBXSourcesBuildPhase;
			buildActionMask = 2147483647;
			files = (
			);
			runOnlyForDeploymentPostprocessing = 0;
		};
		F9D8168B2F679135002CA898 /* Sources */ = {
			isa = PBXSourcesBuildPhase;
			buildActionMask = 2147483647;
			files = (
			);
			runOnlyForDeploymentPostprocessing = 0;
		};
/* End PBXSourcesBuildPhase section */

/* Begin PBXTargetDependency section */
		F9D816872F679135002CA898 /* PBXTargetDependency */ = {
			isa = PBXTargetDependency;
			target = F9D8166B2F679133002CA898 /* SPM-Modular-Programming */;
			targetProxy = F9D816862F679135002CA898 /* PBXContainerItemProxy */;
		};
		F9D816912F679135002CA898 /* PBXTargetDependency */ = {
			isa = PBXTargetDependency;
			target = F9D8166B2F679133002CA898 /* SPM-Modular-Programming */;
			targetProxy = F9D816902F679135002CA898 /* PBXContainerItemProxy */;
		};
/* End PBXTargetDependency section */

/* Begin XCBuildConfiguration section */
		F9D816972F679135002CA898 /* Debug */ = {
			isa = XCBuildConfiguration;
			buildSettings = {
				ALWAYS_SEARCH_USER_PATHS = NO;
				ASSETCATALOG_COMPILER_GENERATE_SWIFT_ASSET_SYMBOL_EXTENSIONS = YES;
				CLANG_ANALYZER_NONNULL = YES;
				CLANG_ANALYZER_NUMBER_OBJECT_CONVERSION = YES_AGGRESSIVE;
				CLANG_CXX_LANGUAGE_STANDARD = "gnu++20";
				CLANG_ENABLE_MODULES = YES;
				CLANG_ENABLE_OBJC_ARC = YES;
				CLANG_ENABLE_OBJC_WEAK = YES;
				CLANG_WARN_BLOCK_CAPTURE_AUTORELEASING = YES;
				CLANG_WARN_BOOL_CONVERSION = YES;
				CLANG_WARN_COMMA = YES;
				CLANG_WARN_CONSTANT_CONVERSION = YES;
				CLANG_WARN_DEPRECATED_OBJC_IMPLEMENTATIONS = YES;
				CLANG_WARN_DIRECT_OBJC_ISA_USAGE = YES_ERROR;
				CLANG_WARN_DOCUMENTATION_COMMENTS = YES;
				CLANG_WARN_EMPTY_BODY = YES;
				CLANG_WARN_ENUM_CONVERSION = YES;
				CLANG_WARN_INFINITE_RECURSION = YES;
				CLANG_WARN_INT_CONVERSION = YES;
				CLANG_WARN_NON_LITERAL_NULL_CONVERSION = YES;
				CLANG_WARN_OBJC_IMPLICIT_RETAIN_SELF = YES;
				CLANG_WARN_OBJC_LITERAL_CONVERSION = YES;
				CLANG_WARN_OBJC_ROOT_CLASS = YES_ERROR;
				CLANG_WARN_QUOTED_INCLUDE_IN_FRAMEWORK_HEADER = YES;
				CLANG_WARN_RANGE_LOOP_ANALYSIS = YES;
				CLANG_WARN_STRICT_PROTOTYPES = YES;
				CLANG_WARN_SUSPICIOUS_MOVE = YES;
				CLANG_WARN_UNGUARDED_AVAILABILITY = YES_AGGRESSIVE;
				CLANG_WARN_UNREACHABLE_CODE = YES;
				CLANG_WARN__DUPLICATE_METHOD_MATCH = YES;
				COPY_PHASE_STRIP = NO;
				DEBUG_INFORMATION_FORMAT = dwarf;
				ENABLE_STRICT_OBJC_MSGSEND = YES;
				ENABLE_TESTABILITY = YES;
				ENABLE_USER_SCRIPT_SANDBOXING = YES;
				GCC_C_LANGUAGE_STANDARD = gnu17;
				GCC_DYNAMIC_NO_PIC = NO;
				GCC_NO_COMMON_BLOCKS = YES;
				GCC_OPTIMIZATION_LEVEL = 0;
				GCC_PREPROCESSOR_DEFINITIONS = (
					"DEBUG=1",
					"$(inherited)",
				);
				GCC_WARN_64_TO_32_BIT_CONVERSION = YES;
				GCC_WARN_ABOUT_RETURN_TYPE = YES_ERROR;
				GCC_WARN_UNDECLARED_SELECTOR = YES;
				GCC_WARN_UNINITIALIZED_AUTOS = YES_AGGRESSIVE;
				GCC_WARN_UNUSED_FUNCTION = YES;
				GCC_WARN_UNUSED_VARIABLE = YES;
				INFOPLIST_KEY_CFBundleDisplayName = "SPM MP";
				IPHONEOS_DEPLOYMENT_TARGET = 26.2;
				LOCALIZATION_PREFERS_STRING_CATALOGS = YES;
				MACOSX_DEPLOYMENT_TARGET = 26.0;
				MTL_ENABLE_DEBUG_INFO = INCLUDE_SOURCE;
				MTL_FAST_MATH = YES;
				ONLY_ACTIVE_ARCH = YES;
				SDKROOT = iphoneos;
				SWIFT_ACTIVE_COMPILATION_CONDITIONS = "DEBUG $(inherited)";
				SWIFT_APPROACHABLE_CONCURRENCY = YES;
				SWIFT_DEFAULT_ACTOR_ISOLATION = MainActor;
				SWIFT_OPTIMIZATION_LEVEL = "-Onone";
				SWIFT_VERSION = 6.0;
				TARGETED_DEVICE_FAMILY = "1,2";
				TVOS_DEPLOYMENT_TARGET = 26.0;
				XROS_DEPLOYMENT_TARGET = 26.0;
			};
			name = Debug;
		};
		F9D816982F679135002CA898 /* Release */ = {
			isa = XCBuildConfiguration;
			buildSettings = {
				ALWAYS_SEARCH_USER_PATHS = NO;
				ASSETCATALOG_COMPILER_GENERATE_SWIFT_ASSET_SYMBOL_EXTENSIONS = YES;
				CLANG_ANALYZER_NONNULL = YES;
				CLANG_ANALYZER_NUMBER_OBJECT_CONVERSION = YES_AGGRESSIVE;
				CLANG_CXX_LANGUAGE_STANDARD = "gnu++20";
				CLANG_ENABLE_MODULES = YES;
				CLANG_ENABLE_OBJC_ARC = YES;
				CLANG_ENABLE_OBJC_WEAK = YES;
				CLANG_WARN_BLOCK_CAPTURE_AUTORELEASING = YES;
				CLANG_WARN_BOOL_CONVERSION = YES;
				CLANG_WARN_COMMA = YES;
				CLANG_WARN_CONSTANT_CONVERSION = YES;
				CLANG_WARN_DEPRECATED_OBJC_IMPLEMENTATIONS = YES;
				CLANG_WARN_DIRECT_OBJC_ISA_USAGE = YES_ERROR;
				CLANG_WARN_DOCUMENTATION_COMMENTS = YES;
				CLANG_WARN_EMPTY_BODY = YES;
				CLANG_WARN_ENUM_CONVERSION = YES;
				CLANG_WARN_INFINITE_RECURSION = YES;
				CLANG_WARN_INT_CONVERSION = YES;
				CLANG_WARN_NON_LITERAL_NULL_CONVERSION = YES;
				CLANG_WARN_OBJC_IMPLICIT_RETAIN_SELF = YES;
				CLANG_WARN_OBJC_LITERAL_CONVERSION = YES;
				CLANG_WARN_OBJC_ROOT_CLASS = YES_ERROR;
				CLANG_WARN_QUOTED_INCLUDE_IN_FRAMEWORK_HEADER = YES;
				CLANG_WARN_RANGE_LOOP_ANALYSIS = YES;
				CLANG_WARN_STRICT_PROTOTYPES = YES;
				CLANG_WARN_SUSPICIOUS_MOVE = YES;
				CLANG_WARN_UNGUARDED_AVAILABILITY = YES_AGGRESSIVE;
				CLANG_WARN_UNREACHABLE_CODE = YES;
				CLANG_WARN__DUPLICATE_METHOD_MATCH = YES;
				COPY_PHASE_STRIP = NO;
				DEBUG_INFORMATION_FORMAT = "dwarf-with-dsym";
				ENABLE_NS_ASSERTIONS = NO;
				ENABLE_STRICT_OBJC_MSGSEND = YES;
				ENABLE_USER_SCRIPT_SANDBOXING = YES;
				GCC_C_LANGUAGE_STANDARD = gnu17;
				GCC_NO_COMMON_BLOCKS = YES;
				GCC_WARN_64_TO_32_BIT_CONVERSION = YES;
				GCC_WARN_ABOUT_RETURN_TYPE = YES_ERROR;
				GCC_WARN_UNDECLARED_SELECTOR = YES;
				GCC_WARN_UNINITIALIZED_AUTOS = YES_AGGRESSIVE;
				GCC_WARN_UNUSED_FUNCTION = YES;
				GCC_WARN_UNUSED_VARIABLE = YES;
				INFOPLIST_KEY_CFBundleDisplayName = "SPM MP";
				IPHONEOS_DEPLOYMENT_TARGET = 26.2;
				LOCALIZATION_PREFERS_STRING_CATALOGS = YES;
				MACOSX_DEPLOYMENT_TARGET = 26.0;
				MTL_ENABLE_DEBUG_INFO = NO;
				MTL_FAST_MATH = YES;
				SDKROOT = iphoneos;
				SWIFT_APPROACHABLE_CONCURRENCY = YES;
				SWIFT_COMPILATION_MODE = wholemodule;
				SWIFT_DEFAULT_ACTOR_ISOLATION = MainActor;
				SWIFT_VERSION = 6.0;
				TARGETED_DEVICE_FAMILY = "1,2";
				TVOS_DEPLOYMENT_TARGET = 26.0;
				VALIDATE_PRODUCT = YES;
				XROS_DEPLOYMENT_TARGET = 26.0;
			};
			name = Release;
		};
		F9D8169A2F679135002CA898 /* Debug */ = {
			isa = XCBuildConfiguration;
			buildSettings = {
				ASSETCATALOG_COMPILER_APPICON_NAME = AppIcon;
				ASSETCATALOG_COMPILER_GLOBAL_ACCENT_COLOR_NAME = AccentColor;
				CODE_SIGN_STYLE = Automatic;
				CURRENT_PROJECT_VERSION = 1;
				ENABLE_APP_SANDBOX = YES;
				ENABLE_HARDENED_RUNTIME = YES;
				ENABLE_OUTGOING_NETWORK_CONNECTIONS = YES;
				GENERATE_INFOPLIST_FILE = YES;
				INFOPLIST_KEY_LSApplicationCategoryType = "public.app-category.entertainment";
				INFOPLIST_KEY_UIApplicationSupportsIndirectInputEvents = YES;
				INFOPLIST_KEY_UILaunchStoryboardName = LaunchScreen;
				INFOPLIST_KEY_UIStatusBarHidden = YES;
				INFOPLIST_KEY_UISupportedInterfaceOrientations = UIInterfaceOrientationPortrait;
				INFOPLIST_KEY_UISupportedInterfaceOrientations_iPad = "UIInterfaceOrientationLandscapeLeft UIInterfaceOrientationLandscapeRight UIInterfaceOrientationPortrait UIInterfaceOrientationPortraitUpsideDown";
				IPHONEOS_DEPLOYMENT_TARGET = 26.0;
				LD_RUNPATH_SEARCH_PATHS = (
					"$(inherited)",
					"@executable_path/Frameworks",
				);
				MARKETING_VERSION = 1.0;
				PRODUCT_BUNDLE_IDENTIFIER = com.iha.ModularProgramming;
				PRODUCT_NAME = "$(TARGET_NAME)";
				REGISTER_APP_GROUPS = YES;
				STRING_CATALOG_GENERATE_SYMBOLS = YES;
				SUPPORTED_PLATFORMS = "appletvos appletvsimulator iphoneos iphonesimulator";
				SUPPORTS_MACCATALYST = NO;
				SWIFT_EMIT_LOC_STRINGS = YES;
				SWIFT_UPCOMING_FEATURE_MEMBER_IMPORT_VISIBILITY = YES;
				TARGETED_DEVICE_FAMILY = "1,2,3";
			};
			name = Debug;
		};
		F9D8169B2F679135002CA898 /* Release */ = {
			isa = XCBuildConfiguration;
			buildSettings = {
				ASSETCATALOG_COMPILER_APPICON_NAME = AppIcon;
				ASSETCATALOG_COMPILER_GLOBAL_ACCENT_COLOR_NAME = AccentColor;
				CODE_SIGN_STYLE = Automatic;
				CURRENT_PROJECT_VERSION = 1;
				GENERATE_INFOPLIST_FILE = YES;
				INFOPLIST_KEY_LSApplicationCategoryType = "public.app-category.entertainment";
				INFOPLIST_KEY_UIApplicationSupportsIndirectInputEvents = YES;
				INFOPLIST_KEY_UILaunchStoryboardName = LaunchScreen;
				INFOPLIST_KEY_UIStatusBarHidden = YES;
				INFOPLIST_KEY_UISupportedInterfaceOrientations = UIInterfaceOrientationPortrait;
				INFOPLIST_KEY_UISupportedInterfaceOrientations_iPad = "UIInterfaceOrientationLandscapeLeft UIInterfaceOrientationLandscapeRight UIInterfaceOrientationPortrait UIInterfaceOrientationPortraitUpsideDown";
				IPHONEOS_DEPLOYMENT_TARGET = 26.0;
				LD_RUNPATH_SEARCH_PATHS = (
					"$(inherited)",
					"@executable_path/Frameworks",
				);
				MARKETING_VERSION = 1.0;
				PRODUCT_BUNDLE_IDENTIFIER = com.iha.ModularProgramming;
				PRODUCT_NAME = "$(TARGET_NAME)";
				STRING_CATALOG_GENERATE_SYMBOLS = YES;
				SUPPORTED_PLATFORMS = "appletvos appletvsimulator iphoneos iphonesimulator";
				SUPPORTS_MACCATALYST = NO;
				SWIFT_EMIT_LOC_STRINGS = YES;
				SWIFT_UPCOMING_FEATURE_MEMBER_IMPORT_VISIBILITY = YES;
				TARGETED_DEVICE_FAMILY = "1,2,3";
			};
			name = Release;
		};
		F9D8169D2F679135002CA898 /* Debug */ = {
			isa = XCBuildConfiguration;
			buildSettings = {
				BUNDLE_LOADER = "$(TEST_HOST)";
				CLANG_ENABLE_MODULES = YES;
				CODE_SIGN_STYLE = Automatic;
				CURRENT_PROJECT_VERSION = 1;
				GENERATE_INFOPLIST_FILE = YES;
				IPHONEOS_DEPLOYMENT_TARGET = 26.2;
				MARKETING_VERSION = 1.0;
				PRODUCT_BUNDLE_IDENTIFIER = com.iha.ModularProgrammingTests;
				PRODUCT_NAME = "$(TARGET_NAME)";
				STRING_CATALOG_GENERATE_SYMBOLS = NO;
				SWIFT_EMIT_LOC_STRINGS = NO;
				SWIFT_OPTIMIZATION_LEVEL = "-Onone";
				SWIFT_UPCOMING_FEATURE_MEMBER_IMPORT_VISIBILITY = YES;
				SWIFT_VERSION = 6.0;
				TARGETED_DEVICE_FAMILY = "1,2";
				TEST_HOST = "$(BUILT_PRODUCTS_DIR)/SPM-Modular-Programming.app/$(BUNDLE_EXECUTABLE_FOLDER_PATH)/SPM-Modular-Programming";
			};
			name = Debug;
		};
		F9D8169E2F679135002CA898 /* Release */ = {
			isa = XCBuildConfiguration;
			buildSettings = {
				BUNDLE_LOADER = "$(TEST_HOST)";
				CLANG_ENABLE_MODULES = YES;
				CODE_SIGN_STYLE = Automatic;
				CURRENT_PROJECT_VERSION = 1;
				GENERATE_INFOPLIST_FILE = YES;
				IPHONEOS_DEPLOYMENT_TARGET = 26.2;
				MARKETING_VERSION = 1.0;
				PRODUCT_BUNDLE_IDENTIFIER = com.iha.ModularProgrammingTests;
				PRODUCT_NAME = "$(TARGET_NAME)";
				STRING_CATALOG_GENERATE_SYMBOLS = NO;
				SWIFT_EMIT_LOC_STRINGS = NO;
				SWIFT_UPCOMING_FEATURE_MEMBER_IMPORT_VISIBILITY = YES;
				SWIFT_VERSION = 6.0;
				TARGETED_DEVICE_FAMILY = "1,2";
				TEST_HOST = "$(BUILT_PRODUCTS_DIR)/SPM-Modular-Programming.app/$(BUNDLE_EXECUTABLE_FOLDER_PATH)/SPM-Modular-Programming";
			};
			name = Release;
		};
		F9D816A02F679135002CA898 /* Debug */ = {
			isa = XCBuildConfiguration;
			buildSettings = {
				CODE_SIGN_STYLE = Automatic;
				CURRENT_PROJECT_VERSION = 1;
				GENERATE_INFOPLIST_FILE = YES;
				MARKETING_VERSION = 1.0;
				PRODUCT_BUNDLE_IDENTIFIER = com.iha.ModularProgrammingUITests;
				PRODUCT_NAME = "$(TARGET_NAME)";
				STRING_CATALOG_GENERATE_SYMBOLS = NO;
				SWIFT_EMIT_LOC_STRINGS = NO;
				SWIFT_UPCOMING_FEATURE_MEMBER_IMPORT_VISIBILITY = YES;
				SWIFT_VERSION = 6.0;
				TARGETED_DEVICE_FAMILY = "1,2";
				TEST_TARGET_NAME = "SPM-Modular-Programming";
			};
			name = Debug;
		};
		F9D816A12F679135002CA898 /* Release */ = {
			isa = XCBuildConfiguration;
			buildSettings = {
				CODE_SIGN_STYLE = Automatic;
				CURRENT_PROJECT_VERSION = 1;
				GENERATE_INFOPLIST_FILE = YES;
				MARKETING_VERSION = 1.0;
				PRODUCT_BUNDLE_IDENTIFIER = com.iha.ModularProgrammingUITests;
				PRODUCT_NAME = "$(TARGET_NAME)";
				STRING_CATALOG_GENERATE_SYMBOLS = NO;
				SWIFT_EMIT_LOC_STRINGS = NO;
				SWIFT_UPCOMING_FEATURE_MEMBER_IMPORT_VISIBILITY = YES;
				SWIFT_VERSION = 6.0;
				TARGETED_DEVICE_FAMILY = "1,2";
				TEST_TARGET_NAME = "SPM-Modular-Programming";
			};
			name = Release;
		};
/* End XCBuildConfiguration section */

/* Begin XCConfigurationList section */
		F9D816672F679133002CA898 /* Build configuration list for PBXProject "SPM-Modular-Programming" */ = {
			isa = XCConfigurationList;
			buildConfigurations = (
				F9D816972F679135002CA898 /* Debug */,
				F9D816982F679135002CA898 /* Release */,
			);
			defaultConfigurationIsVisible = 0;
			defaultConfigurationName = Release;
		};
		F9D816992F679135002CA898 /* Build configuration list for PBXNativeTarget "SPM-Modular-Programming" */ = {
			isa = XCConfigurationList;
			buildConfigurations = (
				F9D8169A2F679135002CA898 /* Debug */,
				F9D8169B2F679135002CA898 /* Release */,
			);
			defaultConfigurationIsVisible = 0;
			defaultConfigurationName = Release;
		};
		F9D8169C2F679135002CA898 /* Build configuration list for PBXNativeTarget "SPM-Modular-ProgrammingTests" */ = {
			isa = XCConfigurationList;
			buildConfigurations = (
				F9D8169D2F679135002CA898 /* Debug */,
				F9D8169E2F679135002CA898 /* Release */,
			);
			defaultConfigurationIsVisible = 0;
			defaultConfigurationName = Release;
		};
		F9D8169F2F679135002CA898 /* Build configuration list for PBXNativeTarget "SPM-Modular-ProgrammingUITests" */ = {
			isa = XCConfigurationList;
			buildConfigurations = (
				F9D816A02F679135002CA898 /* Debug */,
				F9D816A12F679135002CA898 /* Release */,
			);
			defaultConfigurationIsVisible = 0;
			defaultConfigurationName = Release;
		};
/* End XCConfigurationList section */

/* Begin XCSwiftPackageProductDependency section */
		F93AE6A12FF61C6D00840F84 /* Entry */ = {
			isa = XCSwiftPackageProductDependency;
			productName = Entry;
		};
/* End XCSwiftPackageProductDependency section */
	};
	rootObject = F9D816642F679133002CA898 /* Project object */;
}
